<?xml version="1.0" encoding="utf-8"?>
<Project ToolsVersion="4.0" xmlns="http://schemas.microsoft.com/developer/msbuild/2003">
  <ItemGroup>
    <Filter Include="Source Files">
      <UniqueIdentifier>{4FC737F1-C7A5-4376-A066-2A32D752A2FF}</UniqueIdentifier>
      <Extensions>cpp;c;cc;cxx;def;odl;idl;hpj;bat;asm;asmx</Extensions>
    </Filter>
    <Filter Include="Source Files\scene_load_src">
      <UniqueIdentifier>{f6b52f76-317c-425c-8320-838096d389c7}</UniqueIdentifier>
    </Filter>
  </ItemGroup>
  <ItemGroup>
    <ClCompile Include="main.cpp">
      <Filter>Source Files</Filter>
    </ClCompile>
    <ClCompile Include="game_main.cpp">
      <Filter>Source Files</Filter>
    </ClCompile>
    <ClCompile Include="render_main.cpp">
      <Filter>Source Files</Filter>
    </ClCompile>
    <ClCompile Include="scene_load_src\game.cpp">
      <Filter>Source Files\scene_load_src</Filter>
    </ClCompile>
    <ClCompile Include="scene_load_src\render.cpp">
      <Filter>Source Files\scene_load_src</Filter>
    </ClCompile>
  </ItemGroup>
  <ItemGroup>
    <ClInclude Include="game_main.h">
      <Filter>Source Files</Filter>
    </ClInclude>
    <ClInclude Include="render_main.h">
      <Filter>Source Files</Filter>
    </ClInclude>
    <ClInclude Include="scene_load_src\game.h">
      <Filter>Source Files\scene_load_src</Filter>
    </ClInclude>
    <ClInclude Include="scene_load_src\render.h">
      <Filter>Source Files\scene_load_src</Filter>
    </ClInclude>
    <ClInclude Include="scene_load_src\shared_render_state.h">
      <Filter>Source Files\scene_load_src</Filter>
    </ClInclude>
  </ItemGroup>
</Project>